{
  "name": "workspace-javascript",
  "version": "1.0.0",
  "lockfileVersion": 3,
  "requires": true,
  "packages": {
    "": {
      "name": "workspace-javascript",
      "version": "1.0.0",
      "license": "ISC",
      "workspaces": [
        "app",
        "shared"
      ]
    },
    "app": {
      "version": "1.0.0",
      "license": "ISC"
    },
    "node_modules/app": {
      "resolved": "app",
      "link": true
    },
    "node_modules/shared": {
      "resolved": "shared",
      "link": true
    },
    "shared": {
      "version": "1.0.0",
      "license": "ISC"
    }
  }
}
